
Microsoft Visual Studio Solution File, Format Version 12.00
# Visual Studio 15
VisualStudioVersion = 15.0.28307.421
MinimumVisualStudioVersion = 10.0.40219.1
Project("{FAE04EC0-301F-11D3-BF4B-00C04F79EFBC}") = "figuras", "figuras\figuras.csproj", "{574AB5A9-0501-4EC5-AB4C-E4A50EAD8256}"
EndProject
Global
	GlobalSection(SolutionConfigurationPlatforms) = preSolution
		Debug|Any CPU = Debug|Any CPU
		Release|Any CPU = Release|Any CPU
	EndGlobalSection
	GlobalSection(ProjectConfigurationPlatforms) = postSolution
		{574AB5A9-0501-4EC5-AB4C-E4A50EAD8256}.Debug|Any CPU.ActiveCfg = Debug|Any CPU
		{574AB5A9-0501-4EC5-AB4C-E4A50EAD8256}.Debug|Any CPU.Build.0 = Debug|Any CPU
		{574AB5A9-0501-4EC5-AB4C-E4A50EAD8256}.Release|Any CPU.ActiveCfg = Release|Any CPU
		{574AB5A9-0501-4EC5-AB4C-E4A50EAD8256}.Release|Any CPU.Build.0 = Release|Any CPU
	EndGlobalSection
	GlobalSection(SolutionProperties) = preSolution
		HideSolutionNode = FALSE
	EndGlobalSection
	GlobalSection(ExtensibilityGlobals) = postSolution
		SolutionGuid = {DF218C2F-2FFA-4B69-8643-599DA3ABAF65}
	EndGlobalSection
EndGlobal
