
Microsoft Visual Studio Solution File, Format Version 12.00
# Visual Studio 15
VisualStudioVersion = 15.0.28307.539
MinimumVisualStudioVersion = 10.0.40219.1
Project("{FAE04EC0-301F-11D3-BF4B-00C04F79EFBC}") = "puntos", "puntos\puntos.csproj", "{B284D328-1BD6-4623-839B-4E90614B040D}"
EndProject
Global
	GlobalSection(SolutionConfigurationPlatforms) = preSolution
		Debug|Any CPU = Debug|Any CPU
		Release|Any CPU = Release|Any CPU
	EndGlobalSection
	GlobalSection(ProjectConfigurationPlatforms) = postSolution
		{B284D328-1BD6-4623-839B-4E90614B040D}.Debug|Any CPU.ActiveCfg = Debug|Any CPU
		{B284D328-1BD6-4623-839B-4E90614B040D}.Debug|Any CPU.Build.0 = Debug|Any CPU
		{B284D328-1BD6-4623-839B-4E90614B040D}.Release|Any CPU.ActiveCfg = Release|Any CPU
		{B284D328-1BD6-4623-839B-4E90614B040D}.Release|Any CPU.Build.0 = Release|Any CPU
	EndGlobalSection
	GlobalSection(SolutionProperties) = preSolution
		HideSolutionNode = FALSE
	EndGlobalSection
	GlobalSection(ExtensibilityGlobals) = postSolution
		SolutionGuid = {83FB0D78-2CDB-4327-9BAF-45ECEC1A4CD4}
	EndGlobalSection
EndGlobal
